
Microsoft Visual Studio Solution File, Format Version 12.00
# Visual Studio Version 17
VisualStudioVersion = 17.3.32929.385
MinimumVisualStudioVersion = 10.0.40219.1
Project("{FAE04EC0-301F-11D3-BF4B-00C04F79EFBC}") = "DivingApp", "DivingApp\DivingApp.csproj", "{A97C2386-1DE9-4AA7-A75C-75465DF0985A}"
EndProject
Global
	GlobalSection(SolutionConfigurationPlatforms) = preSolution
		Debug|Any CPU = Debug|Any CPU
		Release|Any CPU = Release|Any CPU
	EndGlobalSection
	GlobalSection(ProjectConfigurationPlatforms) = postSolution
		{A97C2386-1DE9-4AA7-A75C-75465DF0985A}.Debug|Any CPU.ActiveCfg = Debug|Any CPU
		{A97C2386-1DE9-4AA7-A75C-75465DF0985A}.Debug|Any CPU.Build.0 = Debug|Any CPU
		{A97C2386-1DE9-4AA7-A75C-75465DF0985A}.Release|Any CPU.ActiveCfg = Release|Any CPU
		{A97C2386-1DE9-4AA7-A75C-75465DF0985A}.Release|Any CPU.Build.0 = Release|Any CPU
	EndGlobalSection
	GlobalSection(SolutionProperties) = preSolution
		HideSolutionNode = FALSE
	EndGlobalSection
	GlobalSection(ExtensibilityGlobals) = postSolution
		SolutionGuid = {58701CBE-B740-4050-8118-CE510CFE1586}
	EndGlobalSection
EndGlobal
